
Microsoft Visual Studio Solution File, Format Version 12.00
# Visual Studio 15
VisualStudioVersion = 15.0.28307.1022
MinimumVisualStudioVersion = 10.0.40219.1
Project("{FAE04EC0-301F-11D3-BF4B-00C04F79EFBC}") = "WebAPI_ICO_AOP", "WebAPI_ICO_AOP\WebAPI_ICO_AOP.csproj", "{34510648-0595-4096-8726-451FE9DECA78}"
EndProject
Project("{2150E333-8FDC-42A3-9474-1A3956D46DE8}") = "1BLL", "1BLL", "{04F87BF8-E517-47A7-B37D-8F8753B535C6}"
EndProject
Project("{2150E333-8FDC-42A3-9474-1A3956D46DE8}") = "2DAL", "2DAL", "{8EE950A2-83C9-46E9-8E7C-8BBA1D6BB743}"
EndProject
Project("{2150E333-8FDC-42A3-9474-1A3956D46DE8}") = "3Models", "3Models", "{00BAE224-9BF1-491D-8A24-6A570A501C7E}"
EndProject
Project("{2150E333-8FDC-42A3-9474-1A3956D46DE8}") = "4Commons", "4Commons", "{80447AD6-CBF7-411E-84B8-24FA8672C247}"
EndProject
Project("{2150E333-8FDC-42A3-9474-1A3956D46DE8}") = "5Framework", "5Framework", "{EED8FABE-9D56-4C85-9D9B-01FFD11B9C94}"
EndProject
Project("{FAE04EC0-301F-11D3-BF4B-00C04F79EFBC}") = "WebAPI_ICO_AOP.IBLL", "WebAPI_ICO_AOP.IBLL\WebAPI_ICO_AOP.IBLL.csproj", "{2B92B15E-885C-4BCF-99CE-EFF975029897}"
EndProject
Project("{FAE04EC0-301F-11D3-BF4B-00C04F79EFBC}") = "WebAPI_ICO_AOP.BLL", "WebAPI_ICO_AOP.BLL\WebAPI_ICO_AOP.BLL.csproj", "{12D02B74-4658-4B4B-ACA6-26B527CF2A48}"
EndProject
Project("{FAE04EC0-301F-11D3-BF4B-00C04F79EFBC}") = "WebAPI_ICO_AOP.IDAL", "WebAPI_ICO_AOP.IDAL\WebAPI_ICO_AOP.IDAL.csproj", "{1F267EA2-9E98-4AA2-B13C-F250055CF566}"
EndProject
Project("{FAE04EC0-301F-11D3-BF4B-00C04F79EFBC}") = "WebAPI_ICO_AOP.DAL", "WebAPI_ICO_AOP.DAL\WebAPI_ICO_AOP.DAL.csproj", "{7BF445D5-32A4-4D7E-9ACD-A261B9F34259}"
EndProject
Project("{FAE04EC0-301F-11D3-BF4B-00C04F79EFBC}") = "WebAPI_ICO_AOP.Models", "WebAPI_ICO_AOP.Models\WebAPI_ICO_AOP.Models.csproj", "{BEC2D86F-9A37-402C-91E4-F304610C34CB}"
EndProject
Project("{FAE04EC0-301F-11D3-BF4B-00C04F79EFBC}") = "WebAPI_ICO_AOP.IModels", "WebAPI_ICO_AOP.IModels\WebAPI_ICO_AOP.IModels.csproj", "{E9676DDF-30D6-4987-9CC6-881052D2A9A9}"
EndProject
Project("{FAE04EC0-301F-11D3-BF4B-00C04F79EFBC}") = "WebAPI_ICO_AOP.ICO", "WebAPI_ICO_AOP.ICO\WebAPI_ICO_AOP.ICO.csproj", "{16ED2E2B-9D2E-4DFA-A48B-F74CE550EC1C}"
EndProject
Project("{FAE04EC0-301F-11D3-BF4B-00C04F79EFBC}") = "WebAPI_ICO_AOP.AOP", "WebAPI_ICO_AOP.AOP\WebAPI_ICO_AOP.AOP.csproj", "{528C05A9-FA40-45F4-B4D2-1AA66AB78677}"
EndProject
Global
	GlobalSection(SolutionConfigurationPlatforms) = preSolution
		Debug|Any CPU = Debug|Any CPU
		Release|Any CPU = Release|Any CPU
	EndGlobalSection
	GlobalSection(ProjectConfigurationPlatforms) = postSolution
		{34510648-0595-4096-8726-451FE9DECA78}.Debug|Any CPU.ActiveCfg = Debug|Any CPU
		{34510648-0595-4096-8726-451FE9DECA78}.Debug|Any CPU.Build.0 = Debug|Any CPU
		{34510648-0595-4096-8726-451FE9DECA78}.Release|Any CPU.ActiveCfg = Release|Any CPU
		{34510648-0595-4096-8726-451FE9DECA78}.Release|Any CPU.Build.0 = Release|Any CPU
		{2B92B15E-885C-4BCF-99CE-EFF975029897}.Debug|Any CPU.ActiveCfg = Debug|Any CPU
		{2B92B15E-885C-4BCF-99CE-EFF975029897}.Debug|Any CPU.Build.0 = Debug|Any CPU
		{2B92B15E-885C-4BCF-99CE-EFF975029897}.Release|Any CPU.ActiveCfg = Release|Any CPU
		{2B92B15E-885C-4BCF-99CE-EFF975029897}.Release|Any CPU.Build.0 = Release|Any CPU
		{12D02B74-4658-4B4B-ACA6-26B527CF2A48}.Debug|Any CPU.ActiveCfg = Debug|Any CPU
		{12D02B74-4658-4B4B-ACA6-26B527CF2A48}.Debug|Any CPU.Build.0 = Debug|Any CPU
		{12D02B74-4658-4B4B-ACA6-26B527CF2A48}.Release|Any CPU.ActiveCfg = Release|Any CPU
		{12D02B74-4658-4B4B-ACA6-26B527CF2A48}.Release|Any CPU.Build.0 = Release|Any CPU
		{1F267EA2-9E98-4AA2-B13C-F250055CF566}.Debug|Any CPU.ActiveCfg = Debug|Any CPU
		{1F267EA2-9E98-4AA2-B13C-F250055CF566}.Debug|Any CPU.Build.0 = Debug|Any CPU
		{1F267EA2-9E98-4AA2-B13C-F250055CF566}.Release|Any CPU.ActiveCfg = Release|Any CPU
		{1F267EA2-9E98-4AA2-B13C-F250055CF566}.Release|Any CPU.Build.0 = Release|Any CPU
		{7BF445D5-32A4-4D7E-9ACD-A261B9F34259}.Debug|Any CPU.ActiveCfg = Debug|Any CPU
		{7BF445D5-32A4-4D7E-9ACD-A261B9F34259}.Debug|Any CPU.Build.0 = Debug|Any CPU
		{7BF445D5-32A4-4D7E-9ACD-A261B9F34259}.Release|Any CPU.ActiveCfg = Release|Any CPU
		{7BF445D5-32A4-4D7E-9ACD-A261B9F34259}.Release|Any CPU.Build.0 = Release|Any CPU
		{BEC2D86F-9A37-402C-91E4-F304610C34CB}.Debug|Any CPU.ActiveCfg = Debug|Any CPU
		{BEC2D86F-9A37-402C-91E4-F304610C34CB}.Debug|Any CPU.Build.0 = Debug|Any CPU
		{BEC2D86F-9A37-402C-91E4-F304610C34CB}.Release|Any CPU.ActiveCfg = Release|Any CPU
		{BEC2D86F-9A37-402C-91E4-F304610C34CB}.Release|Any CPU.Build.0 = Release|Any CPU
		{E9676DDF-30D6-4987-9CC6-881052D2A9A9}.Debug|Any CPU.ActiveCfg = Debug|Any CPU
		{E9676DDF-30D6-4987-9CC6-881052D2A9A9}.Debug|Any CPU.Build.0 = Debug|Any CPU
		{E9676DDF-30D6-4987-9CC6-881052D2A9A9}.Release|Any CPU.ActiveCfg = Release|Any CPU
		{E9676DDF-30D6-4987-9CC6-881052D2A9A9}.Release|Any CPU.Build.0 = Release|Any CPU
		{16ED2E2B-9D2E-4DFA-A48B-F74CE550EC1C}.Debug|Any CPU.ActiveCfg = Debug|Any CPU
		{16ED2E2B-9D2E-4DFA-A48B-F74CE550EC1C}.Debug|Any CPU.Build.0 = Debug|Any CPU
		{16ED2E2B-9D2E-4DFA-A48B-F74CE550EC1C}.Release|Any CPU.ActiveCfg = Release|Any CPU
		{16ED2E2B-9D2E-4DFA-A48B-F74CE550EC1C}.Release|Any CPU.Build.0 = Release|Any CPU
		{528C05A9-FA40-45F4-B4D2-1AA66AB78677}.Debug|Any CPU.ActiveCfg = Debug|Any CPU
		{528C05A9-FA40-45F4-B4D2-1AA66AB78677}.Debug|Any CPU.Build.0 = Debug|Any CPU
		{528C05A9-FA40-45F4-B4D2-1AA66AB78677}.Release|Any CPU.ActiveCfg = Release|Any CPU
		{528C05A9-FA40-45F4-B4D2-1AA66AB78677}.Release|Any CPU.Build.0 = Release|Any CPU
	EndGlobalSection
	GlobalSection(SolutionProperties) = preSolution
		HideSolutionNode = FALSE
	EndGlobalSection
	GlobalSection(NestedProjects) = preSolution
		{2B92B15E-885C-4BCF-99CE-EFF975029897} = {04F87BF8-E517-47A7-B37D-8F8753B535C6}
		{12D02B74-4658-4B4B-ACA6-26B527CF2A48} = {04F87BF8-E517-47A7-B37D-8F8753B535C6}
		{1F267EA2-9E98-4AA2-B13C-F250055CF566} = {8EE950A2-83C9-46E9-8E7C-8BBA1D6BB743}
		{7BF445D5-32A4-4D7E-9ACD-A261B9F34259} = {8EE950A2-83C9-46E9-8E7C-8BBA1D6BB743}
		{BEC2D86F-9A37-402C-91E4-F304610C34CB} = {00BAE224-9BF1-491D-8A24-6A570A501C7E}
		{E9676DDF-30D6-4987-9CC6-881052D2A9A9} = {00BAE224-9BF1-491D-8A24-6A570A501C7E}
		{16ED2E2B-9D2E-4DFA-A48B-F74CE550EC1C} = {EED8FABE-9D56-4C85-9D9B-01FFD11B9C94}
		{528C05A9-FA40-45F4-B4D2-1AA66AB78677} = {EED8FABE-9D56-4C85-9D9B-01FFD11B9C94}
	EndGlobalSection
	GlobalSection(ExtensibilityGlobals) = postSolution
		SolutionGuid = {661A60BD-2957-43A5-B364-440106EF8E70}
	EndGlobalSection
EndGlobal
